
Microsoft Visual Studio Solution File, Format Version 12.00
# Visual Studio 15
VisualStudioVersion = 15.0.28010.2050
MinimumVisualStudioVersion = 10.0.40219.1
Project("{FAE04EC0-301F-11D3-BF4B-00C04F79EFBC}") = "LocalStorageDemo", "LocalStorageDemo\LocalStorageDemo.csproj", "{564AF6F7-4C85-4060-AFF5-DF597AC2AC6B}"
EndProject
Global
	GlobalSection(SolutionConfigurationPlatforms) = preSolution
		Debug|Any CPU = Debug|Any CPU
		Release|Any CPU = Release|Any CPU
	EndGlobalSection
	GlobalSection(ProjectConfigurationPlatforms) = postSolution
		{564AF6F7-4C85-4060-AFF5-DF597AC2AC6B}.Debug|Any CPU.ActiveCfg = Debug|Any CPU
		{564AF6F7-4C85-4060-AFF5-DF597AC2AC6B}.Debug|Any CPU.Build.0 = Debug|Any CPU
		{564AF6F7-4C85-4060-AFF5-DF597AC2AC6B}.Release|Any CPU.ActiveCfg = Release|Any CPU
		{564AF6F7-4C85-4060-AFF5-DF597AC2AC6B}.Release|Any CPU.Build.0 = Release|Any CPU
	EndGlobalSection
	GlobalSection(SolutionProperties) = preSolution
		HideSolutionNode = FALSE
	EndGlobalSection
	GlobalSection(ExtensibilityGlobals) = postSolution
		SolutionGuid = {CFA9E8B6-8914-4950-B521-D0602762CE95}
	EndGlobalSection
EndGlobal
